
Microsoft Visual Studio Solution File, Format Version 12.00
# Visual Studio Version 16
VisualStudioVersion = 16.0.29409.12
MinimumVisualStudioVersion = 10.0.40219.1
Project("{FAE04EC0-301F-11D3-BF4B-00C04F79EFBC}") = "FasterSafer", "FasterSafer\FasterSafer.csproj", "{760D3304-BE87-4F83-8177-4E06EC7CE9DD}"
EndProject
Global
	GlobalSection(SolutionConfigurationPlatforms) = preSolution
		Debug|Any CPU = Debug|Any CPU
		Release|Any CPU = Release|Any CPU
	EndGlobalSection
	GlobalSection(ProjectConfigurationPlatforms) = postSolution
		{760D3304-BE87-4F83-8177-4E06EC7CE9DD}.Debug|Any CPU.ActiveCfg = Debug|Any CPU
		{760D3304-BE87-4F83-8177-4E06EC7CE9DD}.Debug|Any CPU.Build.0 = Debug|Any CPU
		{760D3304-BE87-4F83-8177-4E06EC7CE9DD}.Release|Any CPU.ActiveCfg = Release|Any CPU
		{760D3304-BE87-4F83-8177-4E06EC7CE9DD}.Release|Any CPU.Build.0 = Release|Any CPU
	EndGlobalSection
	GlobalSection(SolutionProperties) = preSolution
		HideSolutionNode = FALSE
	EndGlobalSection
	GlobalSection(ExtensibilityGlobals) = postSolution
		SolutionGuid = {19A83B4D-CABC-41DB-A85A-909011DB103B}
	EndGlobalSection
EndGlobal
